// !$*UTF8*$!
{
	archiveVersion = 1;
	classes = {
	};
	objectVersion = 42;
	objects = {

/* Begin PBXFileReference section */
		1100C4C50FA83988001D683D /* cudamd5.h */ = {isa = PBXFileReference; fileEncoding = 4; lastKnownFileType = sourcecode.c.h; path = cudamd5.h; sourceTree = "<group>"; };
		1100C4C60FA83988001D683D /* cudamd5.c */ = {isa = PBXFileReference; fileEncoding = 4; lastKnownFileType = sourcecode.c.c; path = cudamd5.c; sourceTree = "<group>"; };
		1100C4D00FA83A3B001D683D /* argParser.h */ = {isa = PBXFileReference; fileEncoding = 4; lastKnownFileType = sourcecode.c.h; path = argParser.h; sourceTree = "<group>"; };
		1100C4D10FA83A3B001D683D /* argParser.c */ = {isa = PBXFileReference; fileEncoding = 4; lastKnownFileType = sourcecode.c.c; path = argParser.c; sourceTree = "<group>"; };
		1100C4D50FA83AA7001D683D /* MakeFile */ = {isa = PBXFileReference; fileEncoding = 4; lastKnownFileType = text; path = MakeFile; sourceTree = "<group>"; };
/* End PBXFileReference section */

/* Begin PBXGroup section */
		1100C4BA0FA83969001D683D = {
			isa = PBXGroup;
			children = (
				1100C4C50FA83988001D683D /* cudamd5.h */,
				1100C4C60FA83988001D683D /* cudamd5.c */,
				1100C4D00FA83A3B001D683D /* argParser.h */,
				1100C4D10FA83A3B001D683D /* argParser.c */,
				1100C4D50FA83AA7001D683D /* MakeFile */,
			);
			sourceTree = "<group>";
		};
/* End PBXGroup section */

/* Begin PBXProject section */
		1100C4BC0FA83969001D683D /* Project object */ = {
			isa = PBXProject;
			buildConfigurationList = 1100C4BF0FA83969001D683D /* Build configuration list for PBXProject "CUDA Project" */;
			compatibilityVersion = "Xcode 2.4";
			hasScannedForEncodings = 0;
			mainGroup = 1100C4BA0FA83969001D683D;
			projectDirPath = "";
			projectRoot = "";
			targets = (
			);
		};
/* End PBXProject section */

/* Begin XCBuildConfiguration section */
		1100C4BD0FA83969001D683D /* Debug */ = {
			isa = XCBuildConfiguration;
			buildSettings = {
				COPY_PHASE_STRIP = NO;
			};
			name = Debug;
		};
		1100C4BE0FA83969001D683D /* Release */ = {
			isa = XCBuildConfiguration;
			buildSettings = {
				COPY_PHASE_STRIP = YES;
			};
			name = Release;
		};
/* End XCBuildConfiguration section */

/* Begin XCConfigurationList section */
		1100C4BF0FA83969001D683D /* Build configuration list for PBXProject "CUDA Project" */ = {
			isa = XCConfigurationList;
			buildConfigurations = (
				1100C4BD0FA83969001D683D /* Debug */,
				1100C4BE0FA83969001D683D /* Release */,
			);
			defaultConfigurationIsVisible = 0;
			defaultConfigurationName = Release;
		};
/* End XCConfigurationList section */
	};
	rootObject = 1100C4BC0FA83969001D683D /* Project object */;
}
